<?xml version="1.0" encoding="UTF-8"?>
<Scheme
   LastUpgradeVersion = "1110"
   version = "1.7">
   <BuildAction
      parallelizeBuildables = "YES"
      buildImplicitDependencies = "YES">
      <BuildActionEntries>
         <BuildActionEntry
            buildForTesting = "YES"
            buildForRunning = "YES"
            buildForProfiling = "YES"
            buildForArchiving = "YES"
            buildForAnalyzing = "YES">
            <BuildableReference
               BuildableIdentifier = "primary"
               BlueprintIdentifier = "CA4A3278235E7CB30050854E"
               BuildableName = "ChuckNorrisFacts.app"
               BlueprintName = "ChuckNorrisFacts"
               ReferencedContainer = "container:ChuckNorrisFacts.xcodeproj">
            </BuildableReference>
         </BuildActionEntry>
      </BuildActionEntries>
   </BuildAction>
   <TestAction
      buildConfiguration = "Debug"
      selectedDebuggerIdentifier = "Xcode.DebuggerFoundation.Debugger.LLDB"
      selectedLauncherIdentifier = "Xcode.DebuggerFoundation.Launcher.LLDB"
      shouldUseLaunchSchemeArgsEnv = "YES"
      codeCoverageEnabled = "YES">
      <PreActions>
         <ExecutionAction
            ActionType = "Xcode.IDEStandardExecutionActionsCore.ExecutionActionType.ShellScriptAction">
            <ActionContent
               title = "Run Script"
               scriptText = "defaults write com.apple.iphonesimulator ConnectHardwareKeyboard -bool NO&#10;">
               <EnvironmentBuildable>
                  <BuildableReference
                     BuildableIdentifier = "primary"
                     BlueprintIdentifier = "CA4A3299235E7CB40050854E"
                     BuildableName = "ChuckNorrisFactsUITests.xctest"
                     BlueprintName = "ChuckNorrisFactsUITests"
                     ReferencedContainer = "container:ChuckNorrisFacts.xcodeproj">
                  </BuildableReference>
               </EnvironmentBuildable>
            </ActionContent>
         </ExecutionAction>
      </PreActions>
      <Testables>
         <TestableReference
            skipped = "NO">
            <BuildableReference
               BuildableIdentifier = "primary"
               BlueprintIdentifier = "CA4A328E235E7CB40050854E"
               BuildableName = "ChuckNorrisFactsTests.xctest"
               BlueprintName = "ChuckNorrisFactsTests"
               ReferencedContainer = "container:ChuckNorrisFacts.xcodeproj">
            </BuildableReference>
         </TestableReference>
         <TestableReference
            skipped = "NO">
            <BuildableReference
               BuildableIdentifier = "primary"
               BlueprintIdentifier = "CA4A3299235E7CB40050854E"
               BuildableName = "ChuckNorrisFactsUITests.xctest"
               BlueprintName = "ChuckNorrisFactsUITests"
               ReferencedContainer = "container:ChuckNorrisFacts.xcodeproj">
            </BuildableReference>
         </TestableReference>
      </Testables>
   </TestAction>
   <LaunchAction
      buildConfiguration = "Debug"
      selectedDebuggerIdentifier = "Xcode.DebuggerFoundation.Debugger.LLDB"
      selectedLauncherIdentifier = "Xcode.DebuggerFoundation.Launcher.LLDB"
      launchStyle = "0"
      useCustomWorkingDirectory = "NO"
      ignoresPersistentStateOnLaunch = "NO"
      debugDocumentVersioning = "YES"
      debugServiceExtension = "internal"
      allowLocationSimulation = "YES">
      <BuildableProductRunnable
         runnableDebuggingMode = "0">
         <BuildableReference
            BuildableIdentifier = "primary"
            BlueprintIdentifier = "CA4A3278235E7CB30050854E"
            BuildableName = "ChuckNorrisFacts.app"
            BlueprintName = "ChuckNorrisFacts"
            ReferencedContainer = "container:ChuckNorrisFacts.xcodeproj">
         </BuildableReference>
      </BuildableProductRunnable>
      <CommandLineArguments>
         <CommandLineArgument
            argument = "MockNetwork"
            isEnabled = "NO">
         </CommandLineArgument>
         <CommandLineArgument
            argument = "MockNetworkError"
            isEnabled = "NO">
         </CommandLineArgument>
         <CommandLineArgument
            argument = "ClearCoreData"
            isEnabled = "NO">
         </CommandLineArgument>
      </CommandLineArguments>
   </LaunchAction>
   <ProfileAction
      buildConfiguration = "Release"
      shouldUseLaunchSchemeArgsEnv = "YES"
      savedToolIdentifier = ""
      useCustomWorkingDirectory = "NO"
      debugDocumentVersioning = "YES">
      <BuildableProductRunnable
         runnableDebuggingMode = "0">
         <BuildableReference
            BuildableIdentifier = "primary"
            BlueprintIdentifier = "CA4A3278235E7CB30050854E"
            BuildableName = "ChuckNorrisFacts.app"
            BlueprintName = "ChuckNorrisFacts"
            ReferencedContainer = "container:ChuckNorrisFacts.xcodeproj">
         </BuildableReference>
      </BuildableProductRunnable>
   </ProfileAction>
   <AnalyzeAction
      buildConfiguration = "Debug">
   </AnalyzeAction>
   <ArchiveAction
      buildConfiguration = "Release"
      revealArchiveInOrganizer = "YES">
   </ArchiveAction>
</Scheme>
